
Microsoft Visual Studio Solution File, Format Version 12.00
# Visual Studio Version 16
VisualStudioVersion = 16.0.29418.71
MinimumVisualStudioVersion = 10.0.40219.1
Project("{FAE04EC0-301F-11D3-BF4B-00C04F79EFBC}") = "EventsAssignment", "EvnetsAssignment\EventsAssignment.csproj", "{D2C75DDE-DBF6-419F-B914-17ED70534E95}"
EndProject
Global
	GlobalSection(SolutionConfigurationPlatforms) = preSolution
		Debug|Any CPU = Debug|Any CPU
		Release|Any CPU = Release|Any CPU
	EndGlobalSection
	GlobalSection(ProjectConfigurationPlatforms) = postSolution
		{D2C75DDE-DBF6-419F-B914-17ED70534E95}.Debug|Any CPU.ActiveCfg = Debug|Any CPU
		{D2C75DDE-DBF6-419F-B914-17ED70534E95}.Debug|Any CPU.Build.0 = Debug|Any CPU
		{D2C75DDE-DBF6-419F-B914-17ED70534E95}.Release|Any CPU.ActiveCfg = Release|Any CPU
		{D2C75DDE-DBF6-419F-B914-17ED70534E95}.Release|Any CPU.Build.0 = Release|Any CPU
	EndGlobalSection
	GlobalSection(SolutionProperties) = preSolution
		HideSolutionNode = FALSE
	EndGlobalSection
	GlobalSection(ExtensibilityGlobals) = postSolution
		SolutionGuid = {17369728-46E7-4791-822C-248A36BF09E7}
	EndGlobalSection
EndGlobal
